
Microsoft Visual Studio Solution File, Format Version 12.00
# Visual Studio Version 17
VisualStudioVersion = 17.5.002.0
MinimumVisualStudioVersion = 10.0.40219.1
Project("{9A19103F-16F7-4668-BE54-9A1E7A4F7556}") = "Library", "Library\Library.csproj", "{F5C01DB0-E2BA-4E8B-B635-9F66DBBA6FD0}"
EndProject
Project("{9A19103F-16F7-4668-BE54-9A1E7A4F7556}") = "Program", "Program\Program.csproj", "{9A88F237-1922-46A5-B723-5474C01DA614}"
EndProject
Global
	GlobalSection(SolutionConfigurationPlatforms) = preSolution
		Debug|Any CPU = Debug|Any CPU
		Release|Any CPU = Release|Any CPU
	EndGlobalSection
	GlobalSection(ProjectConfigurationPlatforms) = postSolution
		{F5C01DB0-E2BA-4E8B-B635-9F66DBBA6FD0}.Debug|Any CPU.ActiveCfg = Debug|Any CPU
		{F5C01DB0-E2BA-4E8B-B635-9F66DBBA6FD0}.Debug|Any CPU.Build.0 = Debug|Any CPU
		{F5C01DB0-E2BA-4E8B-B635-9F66DBBA6FD0}.Release|Any CPU.ActiveCfg = Release|Any CPU
		{F5C01DB0-E2BA-4E8B-B635-9F66DBBA6FD0}.Release|Any CPU.Build.0 = Release|Any CPU
		{9A88F237-1922-46A5-B723-5474C01DA614}.Debug|Any CPU.ActiveCfg = Debug|Any CPU
		{9A88F237-1922-46A5-B723-5474C01DA614}.Debug|Any CPU.Build.0 = Debug|Any CPU
		{9A88F237-1922-46A5-B723-5474C01DA614}.Release|Any CPU.ActiveCfg = Release|Any CPU
		{9A88F237-1922-46A5-B723-5474C01DA614}.Release|Any CPU.Build.0 = Release|Any CPU
	EndGlobalSection
	GlobalSection(SolutionProperties) = preSolution
		HideSolutionNode = FALSE
	EndGlobalSection
	GlobalSection(ExtensibilityGlobals) = postSolution
		SolutionGuid = {065D9999-3E04-4128-B855-7671786E8BB1}
	EndGlobalSection
EndGlobal
